
Microsoft Visual Studio Solution File, Format Version 12.00
# Visual Studio Version 17
VisualStudioVersion = 17.7.34024.191
MinimumVisualStudioVersion = 10.0.40219.1
Project("{FAE04EC0-301F-11D3-BF4B-00C04F79EFBC}") = "DesignPatterns", "DesignPatterns.csproj", "{FDC310E8-CD77-47FA-A1B7-51BD32656CC5}"
EndProject
Global
	GlobalSection(SolutionConfigurationPlatforms) = preSolution
		Debug|Any CPU = Debug|Any CPU
		Release|Any CPU = Release|Any CPU
	EndGlobalSection
	GlobalSection(ProjectConfigurationPlatforms) = postSolution
		{FDC310E8-CD77-47FA-A1B7-51BD32656CC5}.Debug|Any CPU.ActiveCfg = Debug|Any CPU
		{FDC310E8-CD77-47FA-A1B7-51BD32656CC5}.Debug|Any CPU.Build.0 = Debug|Any CPU
		{FDC310E8-CD77-47FA-A1B7-51BD32656CC5}.Release|Any CPU.ActiveCfg = Release|Any CPU
		{FDC310E8-CD77-47FA-A1B7-51BD32656CC5}.Release|Any CPU.Build.0 = Release|Any CPU
	EndGlobalSection
	GlobalSection(SolutionProperties) = preSolution
		HideSolutionNode = FALSE
	EndGlobalSection
	GlobalSection(ExtensibilityGlobals) = postSolution
		SolutionGuid = {23FCA2B7-1603-4096-B800-6E29170D6EF3}
	EndGlobalSection
EndGlobal
